{
    "_readme": [
        "This file locks the dependencies of your project to a known state",
        "Read more about it at https://getcomposer.org/doc/01-basic-usage.md#installing-dependencies",
        "This file is @generated automatically"
    ],
    "content-hash": "3241d8f4c681ddf98b05ae954d14d5c6",
    "packages": [
        {
            "name": "gnugat/nomo-spaco",
            "version": "v0.4.3",
            "source": {
                "type": "git",
                "url": "https://github.com/gnugat/nomo-spaco.git",
                "reference": "b4485a25ef76d42d0ac12b1b2f2844eafe92ad48"
            },
            "dist": {
                "type": "zip",
                "url": "https://api.github.com/repos/gnugat/nomo-spaco/zipball/b4485a25ef76d42d0ac12b1b2f2844eafe92ad48",
                "reference": "b4485a25ef76d42d0ac12b1b2f2844eafe92ad48",
                "shasum": ""
            },
            "require": {
                "php": ">=5.3"
            },
            "require-dev": {
                "phpspec/phpspec": "~2.0"
            },
            "bin": [
                "bin/nomo-spaco"
            ],
            "type": "project",
            "autoload": {
                "psr-4": {
                    "Gnugat\\NomoSpaco\\": "src/Gnugat/NomoSpaco"
                }
            },
            "notification-url": "https://packagist.org/downloads/",
            "license": [
                "MIT"
            ],
            "authors": [
                {
                    "name": "Loïc Chardonnet",
                    "email": "loic.chardonnet@gmail.com",
                    "homepage": "http://gnugat.github.io",
                    "role": "Developer"
                }
            ],
            "description": "Displays the declared fully qualified classnames of a project",
            "keywords": [
                "available",
                "detect",
                "fully qualified classname"
            ],
            "support": {
                "issues": "https://github.com/gnugat/nomo-spaco/issues",
                "source": "https://github.com/gnugat/nomo-spaco/tree/master"
            },
            "time": "2018-07-20T12:50:45+00:00"
        },
        {
            "name": "pjpawel/light-api",
            "version": "dev-master",
            "source": {
                "type": "git",
                "url": "https://github.com/pjpawel/LightApi.git",
                "reference": "5bd30fa3c4cb15cf93c9d9c7c1fe193dab41f6ef"
            },
            "dist": {
                "type": "zip",
                "url": "https://api.github.com/repos/pjpawel/LightApi/zipball/5bd30fa3c4cb15cf93c9d9c7c1fe193dab41f6ef",
                "reference": "5bd30fa3c4cb15cf93c9d9c7c1fe193dab41f6ef",
                "shasum": ""
            },
            "require": {
                "gnugat/nomo-spaco": "~0.4",
                "php": ">=8.1",
                "psr/container": "2.0.*",
                "psr/log": "^3.0"
            },
            "require-dev": {
                "phpstan/phpstan": "^1.9",
                "phpunit/phpunit": "9.5.*"
            },
            "suggest": {
                "monolog/monolog": "Suggested logger library. It has extension: pjpawel\\LightApi\\Component\\Logger\\MonologExtension"
            },
            "default-branch": true,
            "type": "framework",
            "autoload": {
                "psr-4": {
                    "pjpawel\\LightApi\\": "src/"
                }
            },
            "notification-url": "https://packagist.org/downloads/",
            "license": [
                "Apache-2.0"
            ],
            "authors": [
                {
                    "name": "pjpawel",
                    "email": "pawel.jan.podgorski@gmail.com"
                }
            ],
            "description": "LightApi is very fast framework that doesn't affect your architecture",
            "support": {
                "issues": "https://github.com/pjpawel/LightApi/issues",
                "source": "https://github.com/pjpawel/LightApi/tree/master"
            },
            "time": "2023-02-23T17:12:39+00:00"
        },
        {
            "name": "psr/container",
            "version": "2.0.2",
            "source": {
                "type": "git",
                "url": "https://github.com/php-fig/container.git",
                "reference": "c71ecc56dfe541dbd90c5360474fbc405f8d5963"
            },
            "dist": {
                "type": "zip",
                "url": "https://api.github.com/repos/php-fig/container/zipball/c71ecc56dfe541dbd90c5360474fbc405f8d5963",
                "reference": "c71ecc56dfe541dbd90c5360474fbc405f8d5963",
                "shasum": ""
            },
            "require": {
                "php": ">=7.4.0"
            },
            "type": "library",
            "extra": {
                "branch-alias": {
                    "dev-master": "2.0.x-dev"
                }
            },
            "autoload": {
                "psr-4": {
                    "Psr\\Container\\": "src/"
                }
            },
            "notification-url": "https://packagist.org/downloads/",
            "license": [
                "MIT"
            ],
            "authors": [
                {
                    "name": "PHP-FIG",
                    "homepage": "https://www.php-fig.org/"
                }
            ],
            "description": "Common Container Interface (PHP FIG PSR-11)",
            "homepage": "https://github.com/php-fig/container",
            "keywords": [
                "PSR-11",
                "container",
                "container-interface",
                "container-interop",
                "psr"
            ],
            "support": {
                "issues": "https://github.com/php-fig/container/issues",
                "source": "https://github.com/php-fig/container/tree/2.0.2"
            },
            "time": "2021-11-05T16:47:00+00:00"
        },
        {
            "name": "psr/log",
            "version": "3.0.0",
            "source": {
                "type": "git",
                "url": "https://github.com/php-fig/log.git",
                "reference": "fe5ea303b0887d5caefd3d431c3e61ad47037001"
            },
            "dist": {
                "type": "zip",
                "url": "https://api.github.com/repos/php-fig/log/zipball/fe5ea303b0887d5caefd3d431c3e61ad47037001",
                "reference": "fe5ea303b0887d5caefd3d431c3e61ad47037001",
                "shasum": ""
            },
            "require": {
                "php": ">=8.0.0"
            },
            "type": "library",
            "extra": {
                "branch-alias": {
                    "dev-master": "3.x-dev"
                }
            },
            "autoload": {
                "psr-4": {
                    "Psr\\Log\\": "src"
                }
            },
            "notification-url": "https://packagist.org/downloads/",
            "license": [
                "MIT"
            ],
            "authors": [
                {
                    "name": "PHP-FIG",
                    "homepage": "https://www.php-fig.org/"
                }
            ],
            "description": "Common interface for logging libraries",
            "homepage": "https://github.com/php-fig/log",
            "keywords": [
                "log",
                "psr",
                "psr-3"
            ],
            "support": {
                "source": "https://github.com/php-fig/log/tree/3.0.0"
            },
            "time": "2021-07-14T16:46:02+00:00"
        }
    ],
    "packages-dev": [],
    "aliases": [],
    "minimum-stability": "stable",
    "stability-flags": {
        "pjpawel/light-api": 20
    },
    "prefer-stable": false,
    "prefer-lowest": false,
    "platform": [],
    "platform-dev": [],
    "plugin-api-version": "2.3.0"
}
