{
    "_readme": [
        "This file locks the dependencies of your project to a known state",
        "Read more about it at https://getcomposer.org/doc/01-basic-usage.md#installing-dependencies",
        "This file is @generated automatically"
    ],
    "content-hash": "df9b8edd32900b9b4f8fbf4341db5953",
    "packages": [
        {
            "name": "gnugat/nomo-spaco",
            "version": "v0.4.3",
            "source": {
                "type": "git",
                "url": "https://github.com/gnugat/nomo-spaco.git",
                "reference": "b4485a25ef76d42d0ac12b1b2f2844eafe92ad48"
            },
            "dist": {
                "type": "zip",
                "url": "https://api.github.com/repos/gnugat/nomo-spaco/zipball/b4485a25ef76d42d0ac12b1b2f2844eafe92ad48",
                "reference": "b4485a25ef76d42d0ac12b1b2f2844eafe92ad48",
                "shasum": ""
            },
            "require": {
                "php": ">=5.3"
            },
            "require-dev": {
                "phpspec/phpspec": "~2.0"
            },
            "bin": [
                "bin/nomo-spaco"
            ],
            "type": "project",
            "autoload": {
                "psr-4": {
                    "Gnugat\\NomoSpaco\\": "src/Gnugat/NomoSpaco"
                }
            },
            "notification-url": "https://packagist.org/downloads/",
            "license": [
                "MIT"
            ],
            "authors": [
                {
                    "name": "Loïc Chardonnet",
                    "email": "loic.chardonnet@gmail.com",
                    "homepage": "http://gnugat.github.io",
                    "role": "Developer"
                }
            ],
            "description": "Displays the declared fully qualified classnames of a project",
            "keywords": [
                "available",
                "detect",
                "fully qualified classname"
            ],
            "support": {
                "issues": "https://github.com/gnugat/nomo-spaco/issues",
                "source": "https://github.com/gnugat/nomo-spaco/tree/master"
            },
            "time": "2018-07-20T12:50:45+00:00"
        },
        {
            "name": "liteapi/liteapi",
            "version": "v0.4.3",
            "source": {
                "type": "git",
                "url": "https://github.com/liteapi/liteapi.git",
                "reference": "41fbb90ac8339dfbc8fc4bcd52cae5eb45292164"
            },
            "dist": {
                "type": "zip",
                "url": "https://api.github.com/repos/liteapi/liteapi/zipball/41fbb90ac8339dfbc8fc4bcd52cae5eb45292164",
                "reference": "41fbb90ac8339dfbc8fc4bcd52cae5eb45292164",
                "shasum": ""
            },
            "require": {
                "gnugat/nomo-spaco": "~0.4",
                "php": ">=8.1",
                "psr/container": "2.0.*",
                "psr/log": "^3.0"
            },
            "require-dev": {
                "monolog/monolog": "^3.3",
                "phpstan/phpstan": "^1.9",
                "phpunit/phpunit": "9.5.*",
                "symfony/cache": "^6.2"
            },
            "suggest": {
                "monolog/monolog": "Suggested logger library. It has extension: pjpawel\\LightApi\\Component\\Logger\\MonologExtension"
            },
            "type": "framework",
            "autoload": {
                "psr-4": {
                    "LiteApi\\": "src/"
                }
            },
            "notification-url": "https://packagist.org/downloads/",
            "license": [
                "Apache-2.0"
            ],
            "authors": [
                {
                    "name": "pjpawel",
                    "email": "pawel.jan.podgorski@gmail.com"
                }
            ],
            "description": "LiteApi is very fast framework that doesn't affect your architecture",
            "support": {
                "issues": "https://github.com/liteapi/liteapi/issues",
                "source": "https://github.com/liteapi/liteapi/tree/v0.4.3"
            },
            "time": "2023-05-13T16:21:36+00:00"
        },
        {
            "name": "monolog/monolog",
            "version": "3.3.1",
            "source": {
                "type": "git",
                "url": "https://github.com/Seldaek/monolog.git",
                "reference": "9b5daeaffce5b926cac47923798bba91059e60e2"
            },
            "dist": {
                "type": "zip",
                "url": "https://api.github.com/repos/Seldaek/monolog/zipball/9b5daeaffce5b926cac47923798bba91059e60e2",
                "reference": "9b5daeaffce5b926cac47923798bba91059e60e2",
                "shasum": ""
            },
            "require": {
                "php": ">=8.1",
                "psr/log": "^2.0 || ^3.0"
            },
            "provide": {
                "psr/log-implementation": "3.0.0"
            },
            "require-dev": {
                "aws/aws-sdk-php": "^3.0",
                "doctrine/couchdb": "~1.0@dev",
                "elasticsearch/elasticsearch": "^7 || ^8",
                "ext-json": "*",
                "graylog2/gelf-php": "^1.4.2 || ^2@dev",
                "guzzlehttp/guzzle": "^7.4.5",
                "guzzlehttp/psr7": "^2.2",
                "mongodb/mongodb": "^1.8",
                "php-amqplib/php-amqplib": "~2.4 || ^3",
                "phpstan/phpstan": "^1.9",
                "phpstan/phpstan-deprecation-rules": "^1.0",
                "phpstan/phpstan-strict-rules": "^1.4",
                "phpunit/phpunit": "^9.5.26",
                "predis/predis": "^1.1 || ^2",
                "ruflin/elastica": "^7",
                "symfony/mailer": "^5.4 || ^6",
                "symfony/mime": "^5.4 || ^6"
            },
            "suggest": {
                "aws/aws-sdk-php": "Allow sending log messages to AWS services like DynamoDB",
                "doctrine/couchdb": "Allow sending log messages to a CouchDB server",
                "elasticsearch/elasticsearch": "Allow sending log messages to an Elasticsearch server via official client",
                "ext-amqp": "Allow sending log messages to an AMQP server (1.0+ required)",
                "ext-curl": "Required to send log messages using the IFTTTHandler, the LogglyHandler, the SendGridHandler, the SlackWebhookHandler or the TelegramBotHandler",
                "ext-mbstring": "Allow to work properly with unicode symbols",
                "ext-mongodb": "Allow sending log messages to a MongoDB server (via driver)",
                "ext-openssl": "Required to send log messages using SSL",
                "ext-sockets": "Allow sending log messages to a Syslog server (via UDP driver)",
                "graylog2/gelf-php": "Allow sending log messages to a GrayLog2 server",
                "mongodb/mongodb": "Allow sending log messages to a MongoDB server (via library)",
                "php-amqplib/php-amqplib": "Allow sending log messages to an AMQP server using php-amqplib",
                "rollbar/rollbar": "Allow sending log messages to Rollbar",
                "ruflin/elastica": "Allow sending log messages to an Elastic Search server"
            },
            "type": "library",
            "extra": {
                "branch-alias": {
                    "dev-main": "3.x-dev"
                }
            },
            "autoload": {
                "psr-4": {
                    "Monolog\\": "src/Monolog"
                }
            },
            "notification-url": "https://packagist.org/downloads/",
            "license": [
                "MIT"
            ],
            "authors": [
                {
                    "name": "Jordi Boggiano",
                    "email": "j.boggiano@seld.be",
                    "homepage": "https://seld.be"
                }
            ],
            "description": "Sends your logs to files, sockets, inboxes, databases and various web services",
            "homepage": "https://github.com/Seldaek/monolog",
            "keywords": [
                "log",
                "logging",
                "psr-3"
            ],
            "support": {
                "issues": "https://github.com/Seldaek/monolog/issues",
                "source": "https://github.com/Seldaek/monolog/tree/3.3.1"
            },
            "funding": [
                {
                    "url": "https://github.com/Seldaek",
                    "type": "github"
                },
                {
                    "url": "https://tidelift.com/funding/github/packagist/monolog/monolog",
                    "type": "tidelift"
                }
            ],
            "time": "2023-02-06T13:46:10+00:00"
        },
        {
            "name": "psr/cache",
            "version": "3.0.0",
            "source": {
                "type": "git",
                "url": "https://github.com/php-fig/cache.git",
                "reference": "aa5030cfa5405eccfdcb1083ce040c2cb8d253bf"
            },
            "dist": {
                "type": "zip",
                "url": "https://api.github.com/repos/php-fig/cache/zipball/aa5030cfa5405eccfdcb1083ce040c2cb8d253bf",
                "reference": "aa5030cfa5405eccfdcb1083ce040c2cb8d253bf",
                "shasum": ""
            },
            "require": {
                "php": ">=8.0.0"
            },
            "type": "library",
            "extra": {
                "branch-alias": {
                    "dev-master": "1.0.x-dev"
                }
            },
            "autoload": {
                "psr-4": {
                    "Psr\\Cache\\": "src/"
                }
            },
            "notification-url": "https://packagist.org/downloads/",
            "license": [
                "MIT"
            ],
            "authors": [
                {
                    "name": "PHP-FIG",
                    "homepage": "https://www.php-fig.org/"
                }
            ],
            "description": "Common interface for caching libraries",
            "keywords": [
                "cache",
                "psr",
                "psr-6"
            ],
            "support": {
                "source": "https://github.com/php-fig/cache/tree/3.0.0"
            },
            "time": "2021-02-03T23:26:27+00:00"
        },
        {
            "name": "psr/container",
            "version": "2.0.2",
            "source": {
                "type": "git",
                "url": "https://github.com/php-fig/container.git",
                "reference": "c71ecc56dfe541dbd90c5360474fbc405f8d5963"
            },
            "dist": {
                "type": "zip",
                "url": "https://api.github.com/repos/php-fig/container/zipball/c71ecc56dfe541dbd90c5360474fbc405f8d5963",
                "reference": "c71ecc56dfe541dbd90c5360474fbc405f8d5963",
                "shasum": ""
            },
            "require": {
                "php": ">=7.4.0"
            },
            "type": "library",
            "extra": {
                "branch-alias": {
                    "dev-master": "2.0.x-dev"
                }
            },
            "autoload": {
                "psr-4": {
                    "Psr\\Container\\": "src/"
                }
            },
            "notification-url": "https://packagist.org/downloads/",
            "license": [
                "MIT"
            ],
            "authors": [
                {
                    "name": "PHP-FIG",
                    "homepage": "https://www.php-fig.org/"
                }
            ],
            "description": "Common Container Interface (PHP FIG PSR-11)",
            "homepage": "https://github.com/php-fig/container",
            "keywords": [
                "PSR-11",
                "container",
                "container-interface",
                "container-interop",
                "psr"
            ],
            "support": {
                "issues": "https://github.com/php-fig/container/issues",
                "source": "https://github.com/php-fig/container/tree/2.0.2"
            },
            "time": "2021-11-05T16:47:00+00:00"
        },
        {
            "name": "psr/log",
            "version": "3.0.0",
            "source": {
                "type": "git",
                "url": "https://github.com/php-fig/log.git",
                "reference": "fe5ea303b0887d5caefd3d431c3e61ad47037001"
            },
            "dist": {
                "type": "zip",
                "url": "https://api.github.com/repos/php-fig/log/zipball/fe5ea303b0887d5caefd3d431c3e61ad47037001",
                "reference": "fe5ea303b0887d5caefd3d431c3e61ad47037001",
                "shasum": ""
            },
            "require": {
                "php": ">=8.0.0"
            },
            "type": "library",
            "extra": {
                "branch-alias": {
                    "dev-master": "3.x-dev"
                }
            },
            "autoload": {
                "psr-4": {
                    "Psr\\Log\\": "src"
                }
            },
            "notification-url": "https://packagist.org/downloads/",
            "license": [
                "MIT"
            ],
            "authors": [
                {
                    "name": "PHP-FIG",
                    "homepage": "https://www.php-fig.org/"
                }
            ],
            "description": "Common interface for logging libraries",
            "homepage": "https://github.com/php-fig/log",
            "keywords": [
                "log",
                "psr",
                "psr-3"
            ],
            "support": {
                "source": "https://github.com/php-fig/log/tree/3.0.0"
            },
            "time": "2021-07-14T16:46:02+00:00"
        },
        {
            "name": "symfony/cache",
            "version": "v6.2.10",
            "source": {
                "type": "git",
                "url": "https://github.com/symfony/cache.git",
                "reference": "1ce7ed8e7ca6948892b6a3a52bb60cf2b04f7c94"
            },
            "dist": {
                "type": "zip",
                "url": "https://api.github.com/repos/symfony/cache/zipball/1ce7ed8e7ca6948892b6a3a52bb60cf2b04f7c94",
                "reference": "1ce7ed8e7ca6948892b6a3a52bb60cf2b04f7c94",
                "shasum": ""
            },
            "require": {
                "php": ">=8.1",
                "psr/cache": "^2.0|^3.0",
                "psr/log": "^1.1|^2|^3",
                "symfony/cache-contracts": "^1.1.7|^2|^3",
                "symfony/service-contracts": "^1.1|^2|^3",
                "symfony/var-exporter": "^6.2.10"
            },
            "conflict": {
                "doctrine/dbal": "<2.13.1",
                "symfony/dependency-injection": "<5.4",
                "symfony/http-kernel": "<5.4",
                "symfony/var-dumper": "<5.4"
            },
            "provide": {
                "psr/cache-implementation": "2.0|3.0",
                "psr/simple-cache-implementation": "1.0|2.0|3.0",
                "symfony/cache-implementation": "1.1|2.0|3.0"
            },
            "require-dev": {
                "cache/integration-tests": "dev-master",
                "doctrine/dbal": "^2.13.1|^3.0",
                "predis/predis": "^1.1",
                "psr/simple-cache": "^1.0|^2.0|^3.0",
                "symfony/config": "^5.4|^6.0",
                "symfony/dependency-injection": "^5.4|^6.0",
                "symfony/filesystem": "^5.4|^6.0",
                "symfony/http-kernel": "^5.4|^6.0",
                "symfony/messenger": "^5.4|^6.0",
                "symfony/var-dumper": "^5.4|^6.0"
            },
            "type": "library",
            "autoload": {
                "psr-4": {
                    "Symfony\\Component\\Cache\\": ""
                },
                "classmap": [
                    "Traits/ValueWrapper.php"
                ],
                "exclude-from-classmap": [
                    "/Tests/"
                ]
            },
            "notification-url": "https://packagist.org/downloads/",
            "license": [
                "MIT"
            ],
            "authors": [
                {
                    "name": "Nicolas Grekas",
                    "email": "p@tchwork.com"
                },
                {
                    "name": "Symfony Community",
                    "homepage": "https://symfony.com/contributors"
                }
            ],
            "description": "Provides extended PSR-6, PSR-16 (and tags) implementations",
            "homepage": "https://symfony.com",
            "keywords": [
                "caching",
                "psr6"
            ],
            "support": {
                "source": "https://github.com/symfony/cache/tree/v6.2.10"
            },
            "funding": [
                {
                    "url": "https://symfony.com/sponsor",
                    "type": "custom"
                },
                {
                    "url": "https://github.com/fabpot",
                    "type": "github"
                },
                {
                    "url": "https://tidelift.com/funding/github/packagist/symfony/symfony",
                    "type": "tidelift"
                }
            ],
            "time": "2023-04-21T15:42:15+00:00"
        },
        {
            "name": "symfony/cache-contracts",
            "version": "v3.2.1",
            "source": {
                "type": "git",
                "url": "https://github.com/symfony/cache-contracts.git",
                "reference": "eeb71f04b6f7f34ca6d15633df82e014528b1632"
            },
            "dist": {
                "type": "zip",
                "url": "https://api.github.com/repos/symfony/cache-contracts/zipball/eeb71f04b6f7f34ca6d15633df82e014528b1632",
                "reference": "eeb71f04b6f7f34ca6d15633df82e014528b1632",
                "shasum": ""
            },
            "require": {
                "php": ">=8.1",
                "psr/cache": "^3.0"
            },
            "suggest": {
                "symfony/cache-implementation": ""
            },
            "type": "library",
            "extra": {
                "branch-alias": {
                    "dev-main": "3.3-dev"
                },
                "thanks": {
                    "name": "symfony/contracts",
                    "url": "https://github.com/symfony/contracts"
                }
            },
            "autoload": {
                "psr-4": {
                    "Symfony\\Contracts\\Cache\\": ""
                }
            },
            "notification-url": "https://packagist.org/downloads/",
            "license": [
                "MIT"
            ],
            "authors": [
                {
                    "name": "Nicolas Grekas",
                    "email": "p@tchwork.com"
                },
                {
                    "name": "Symfony Community",
                    "homepage": "https://symfony.com/contributors"
                }
            ],
            "description": "Generic abstractions related to caching",
            "homepage": "https://symfony.com",
            "keywords": [
                "abstractions",
                "contracts",
                "decoupling",
                "interfaces",
                "interoperability",
                "standards"
            ],
            "support": {
                "source": "https://github.com/symfony/cache-contracts/tree/v3.2.1"
            },
            "funding": [
                {
                    "url": "https://symfony.com/sponsor",
                    "type": "custom"
                },
                {
                    "url": "https://github.com/fabpot",
                    "type": "github"
                },
                {
                    "url": "https://tidelift.com/funding/github/packagist/symfony/symfony",
                    "type": "tidelift"
                }
            ],
            "time": "2023-03-01T10:32:47+00:00"
        },
        {
            "name": "symfony/service-contracts",
            "version": "v3.2.1",
            "source": {
                "type": "git",
                "url": "https://github.com/symfony/service-contracts.git",
                "reference": "a8c9cedf55f314f3a186041d19537303766df09a"
            },
            "dist": {
                "type": "zip",
                "url": "https://api.github.com/repos/symfony/service-contracts/zipball/a8c9cedf55f314f3a186041d19537303766df09a",
                "reference": "a8c9cedf55f314f3a186041d19537303766df09a",
                "shasum": ""
            },
            "require": {
                "php": ">=8.1",
                "psr/container": "^2.0"
            },
            "conflict": {
                "ext-psr": "<1.1|>=2"
            },
            "suggest": {
                "symfony/service-implementation": ""
            },
            "type": "library",
            "extra": {
                "branch-alias": {
                    "dev-main": "3.3-dev"
                },
                "thanks": {
                    "name": "symfony/contracts",
                    "url": "https://github.com/symfony/contracts"
                }
            },
            "autoload": {
                "psr-4": {
                    "Symfony\\Contracts\\Service\\": ""
                },
                "exclude-from-classmap": [
                    "/Test/"
                ]
            },
            "notification-url": "https://packagist.org/downloads/",
            "license": [
                "MIT"
            ],
            "authors": [
                {
                    "name": "Nicolas Grekas",
                    "email": "p@tchwork.com"
                },
                {
                    "name": "Symfony Community",
                    "homepage": "https://symfony.com/contributors"
                }
            ],
            "description": "Generic abstractions related to writing services",
            "homepage": "https://symfony.com",
            "keywords": [
                "abstractions",
                "contracts",
                "decoupling",
                "interfaces",
                "interoperability",
                "standards"
            ],
            "support": {
                "source": "https://github.com/symfony/service-contracts/tree/v3.2.1"
            },
            "funding": [
                {
                    "url": "https://symfony.com/sponsor",
                    "type": "custom"
                },
                {
                    "url": "https://github.com/fabpot",
                    "type": "github"
                },
                {
                    "url": "https://tidelift.com/funding/github/packagist/symfony/symfony",
                    "type": "tidelift"
                }
            ],
            "time": "2023-03-01T10:32:47+00:00"
        },
        {
            "name": "symfony/var-exporter",
            "version": "v6.2.10",
            "source": {
                "type": "git",
                "url": "https://github.com/symfony/var-exporter.git",
                "reference": "9a07920c2058bafee921ce4d90aeef2193837d63"
            },
            "dist": {
                "type": "zip",
                "url": "https://api.github.com/repos/symfony/var-exporter/zipball/9a07920c2058bafee921ce4d90aeef2193837d63",
                "reference": "9a07920c2058bafee921ce4d90aeef2193837d63",
                "shasum": ""
            },
            "require": {
                "php": ">=8.1"
            },
            "require-dev": {
                "symfony/var-dumper": "^5.4|^6.0"
            },
            "type": "library",
            "autoload": {
                "psr-4": {
                    "Symfony\\Component\\VarExporter\\": ""
                },
                "exclude-from-classmap": [
                    "/Tests/"
                ]
            },
            "notification-url": "https://packagist.org/downloads/",
            "license": [
                "MIT"
            ],
            "authors": [
                {
                    "name": "Nicolas Grekas",
                    "email": "p@tchwork.com"
                },
                {
                    "name": "Symfony Community",
                    "homepage": "https://symfony.com/contributors"
                }
            ],
            "description": "Allows exporting any serializable PHP data structure to plain PHP code",
            "homepage": "https://symfony.com",
            "keywords": [
                "clone",
                "construct",
                "export",
                "hydrate",
                "instantiate",
                "lazy-loading",
                "proxy",
                "serialize"
            ],
            "support": {
                "source": "https://github.com/symfony/var-exporter/tree/v6.2.10"
            },
            "funding": [
                {
                    "url": "https://symfony.com/sponsor",
                    "type": "custom"
                },
                {
                    "url": "https://github.com/fabpot",
                    "type": "github"
                },
                {
                    "url": "https://tidelift.com/funding/github/packagist/symfony/symfony",
                    "type": "tidelift"
                }
            ],
            "time": "2023-04-21T08:33:05+00:00"
        }
    ],
    "packages-dev": [],
    "aliases": [],
    "minimum-stability": "stable",
    "stability-flags": [],
    "prefer-stable": false,
    "prefer-lowest": false,
    "platform": [],
    "platform-dev": [],
    "plugin-api-version": "2.3.0"
}
